// !$*UTF8*$!
{
	archiveVersion = 1;
	classes = {
	};
	objectVersion = 46;
	objects = {

/* Begin PBXBuildFile section */
		DB3C75561B648A90008E4821 /* OptionalTests.swift in Sources */ = {isa = PBXBuildFile; fileRef = DB5BCE5D1B62066A009E42A9 /* OptionalTests.swift */; };
		DB3C75571B648A91008E4821 /* OptionalTests.swift in Sources */ = {isa = PBXBuildFile; fileRef = DB5BCE5D1B62066A009E42A9 /* OptionalTests.swift */; };
		DB3C75581B6497DF008E4821 /* CustomResultTests.swift in Sources */ = {isa = PBXBuildFile; fileRef = DB5BCE591B62066A009E42A9 /* CustomResultTests.swift */; };
		DB3C75591B6497E0008E4821 /* CustomResultTests.swift in Sources */ = {isa = PBXBuildFile; fileRef = DB5BCE591B62066A009E42A9 /* CustomResultTests.swift */; };
		DB5BCDF51B61FE8A009E42A9 /* Lustre.h in Headers */ = {isa = PBXBuildFile; fileRef = DB5BCDF41B61FE8A009E42A9 /* Lustre.h */; settings = {ATTRIBUTES = (Public, ); }; };
		DB5BCE1A1B61FE95009E42A9 /* Lustre.framework in Frameworks */ = {isa = PBXBuildFile; fileRef = DB5BCE101B61FE94009E42A9 /* Lustre.framework */; };
		DB5BCE341B61FEE3009E42A9 /* Lustre.h in Headers */ = {isa = PBXBuildFile; fileRef = DB5BCDF41B61FE8A009E42A9 /* Lustre.h */; settings = {ATTRIBUTES = (Public, ); }; };
		DB5BCE351B61FEE3009E42A9 /* Lustre.h in Headers */ = {isa = PBXBuildFile; fileRef = DB5BCDF41B61FE8A009E42A9 /* Lustre.h */; settings = {ATTRIBUTES = (Public, ); }; };
		DB5BCE4D1B620654009E42A9 /* Optional.swift in Sources */ = {isa = PBXBuildFile; fileRef = DB5BCE401B620654009E42A9 /* Optional.swift */; };
		DB5BCE4E1B620654009E42A9 /* Optional.swift in Sources */ = {isa = PBXBuildFile; fileRef = DB5BCE401B620654009E42A9 /* Optional.swift */; };
		DB5BCE4F1B620654009E42A9 /* Optional.swift in Sources */ = {isa = PBXBuildFile; fileRef = DB5BCE401B620654009E42A9 /* Optional.swift */; };
		DB5BCE501B620654009E42A9 /* Result.swift in Sources */ = {isa = PBXBuildFile; fileRef = DB5BCE411B620654009E42A9 /* Result.swift */; };
		DB5BCE511B620654009E42A9 /* Result.swift in Sources */ = {isa = PBXBuildFile; fileRef = DB5BCE411B620654009E42A9 /* Result.swift */; };
		DB5BCE521B620654009E42A9 /* Result.swift in Sources */ = {isa = PBXBuildFile; fileRef = DB5BCE411B620654009E42A9 /* Result.swift */; };
		DB5BCE641B62066A009E42A9 /* Fixtures.swift in Sources */ = {isa = PBXBuildFile; fileRef = DB5BCE5A1B62066A009E42A9 /* Fixtures.swift */; };
		DB5BCE7A1B6207A7009E42A9 /* Lustre.framework in Frameworks */ = {isa = PBXBuildFile; fileRef = DB5BCDF11B61FE8A009E42A9 /* Lustre.framework */; };
		DB5BCE811B6207B4009E42A9 /* Fixtures.swift in Sources */ = {isa = PBXBuildFile; fileRef = DB5BCE5A1B62066A009E42A9 /* Fixtures.swift */; };
		DB5BCE981B6209B0009E42A9 /* EitherType.swift in Sources */ = {isa = PBXBuildFile; fileRef = DB5BCE971B6209B0009E42A9 /* EitherType.swift */; };
		DB5BCE991B6209B0009E42A9 /* EitherType.swift in Sources */ = {isa = PBXBuildFile; fileRef = DB5BCE971B6209B0009E42A9 /* EitherType.swift */; };
		DB5BCE9A1B6209B0009E42A9 /* EitherType.swift in Sources */ = {isa = PBXBuildFile; fileRef = DB5BCE971B6209B0009E42A9 /* EitherType.swift */; };
		DB5BCEA01B620D96009E42A9 /* Either.swift in Sources */ = {isa = PBXBuildFile; fileRef = DB5BCE9F1B620D96009E42A9 /* Either.swift */; };
		DB5BCEA11B620D96009E42A9 /* Either.swift in Sources */ = {isa = PBXBuildFile; fileRef = DB5BCE9F1B620D96009E42A9 /* Either.swift */; };
		DB5BCEA21B620D96009E42A9 /* Either.swift in Sources */ = {isa = PBXBuildFile; fileRef = DB5BCE9F1B620D96009E42A9 /* Either.swift */; };
		DB9D4A3D1B634C8C00E19E71 /* ResultFlatMap.swift in Sources */ = {isa = PBXBuildFile; fileRef = DB9D4A3B1B634C8C00E19E71 /* ResultFlatMap.swift */; };
		DB9D4A3E1B634C8C00E19E71 /* ResultFlatMap.swift in Sources */ = {isa = PBXBuildFile; fileRef = DB9D4A3B1B634C8C00E19E71 /* ResultFlatMap.swift */; };
		DB9D4A3F1B634C8C00E19E71 /* ResultFlatMap.swift in Sources */ = {isa = PBXBuildFile; fileRef = DB9D4A3B1B634C8C00E19E71 /* ResultFlatMap.swift */; };
		DB9D4A401B634C8C00E19E71 /* ResultMap.swift in Sources */ = {isa = PBXBuildFile; fileRef = DB9D4A3C1B634C8C00E19E71 /* ResultMap.swift */; };
		DB9D4A411B634C8C00E19E71 /* ResultMap.swift in Sources */ = {isa = PBXBuildFile; fileRef = DB9D4A3C1B634C8C00E19E71 /* ResultMap.swift */; };
		DB9D4A421B634C8C00E19E71 /* ResultMap.swift in Sources */ = {isa = PBXBuildFile; fileRef = DB9D4A3C1B634C8C00E19E71 /* ResultMap.swift */; };
		DB9D4A481B63FF8800E19E71 /* SequenceType+Result.swift in Sources */ = {isa = PBXBuildFile; fileRef = DB9D4A471B63FF8800E19E71 /* SequenceType+Result.swift */; };
		DB9D4A491B63FF8800E19E71 /* SequenceType+Result.swift in Sources */ = {isa = PBXBuildFile; fileRef = DB9D4A471B63FF8800E19E71 /* SequenceType+Result.swift */; };
		DB9D4A4A1B63FF8800E19E71 /* SequenceType+Result.swift in Sources */ = {isa = PBXBuildFile; fileRef = DB9D4A471B63FF8800E19E71 /* SequenceType+Result.swift */; };
		DBF733051B644DCD002E8472 /* EitherType+Result.swift in Sources */ = {isa = PBXBuildFile; fileRef = DBF733041B644DCD002E8472 /* EitherType+Result.swift */; };
		DBF733061B644DCD002E8472 /* EitherType+Result.swift in Sources */ = {isa = PBXBuildFile; fileRef = DBF733041B644DCD002E8472 /* EitherType+Result.swift */; };
		DBF733071B644DCD002E8472 /* EitherType+Result.swift in Sources */ = {isa = PBXBuildFile; fileRef = DBF733041B644DCD002E8472 /* EitherType+Result.swift */; };
		DBF7330F1B64634B002E8472 /* VoidResultTests.swift in Sources */ = {isa = PBXBuildFile; fileRef = DB5BCE601B62066A009E42A9 /* VoidResultTests.swift */; };
		DBF733101B64634C002E8472 /* VoidResultTests.swift in Sources */ = {isa = PBXBuildFile; fileRef = DB5BCE601B62066A009E42A9 /* VoidResultTests.swift */; };
		DBF733111B6464C1002E8472 /* MapAllTests.swift in Sources */ = {isa = PBXBuildFile; fileRef = DB5BCE5B1B62066A009E42A9 /* MapAllTests.swift */; };
		DBF733121B6464C2002E8472 /* MapAllTests.swift in Sources */ = {isa = PBXBuildFile; fileRef = DB5BCE5B1B62066A009E42A9 /* MapAllTests.swift */; };
		DBF733131B64832C002E8472 /* ResultTests.swift in Sources */ = {isa = PBXBuildFile; fileRef = DB5BCE5F1B62066A009E42A9 /* ResultTests.swift */; };
		DBF733141B64832C002E8472 /* ResultTests.swift in Sources */ = {isa = PBXBuildFile; fileRef = DB5BCE5F1B62066A009E42A9 /* ResultTests.swift */; };
		DBF733151B648656002E8472 /* ResultCollectionTests.swift in Sources */ = {isa = PBXBuildFile; fileRef = DB5BCE5E1B62066A009E42A9 /* ResultCollectionTests.swift */; };
		DBF733161B648657002E8472 /* ResultCollectionTests.swift in Sources */ = {isa = PBXBuildFile; fileRef = DB5BCE5E1B62066A009E42A9 /* ResultCollectionTests.swift */; };
		DBFB4ED31B649F6A00488C25 /* EitherTests.swift in Sources */ = {isa = PBXBuildFile; fileRef = DBFB4ED21B649F6A00488C25 /* EitherTests.swift */; };
		DBFB4ED41B649F6A00488C25 /* EitherTests.swift in Sources */ = {isa = PBXBuildFile; fileRef = DBFB4ED21B649F6A00488C25 /* EitherTests.swift */; };
/* End PBXBuildFile section */

/* Begin PBXContainerItemProxy section */
		DB5BCE1B1B61FE95009E42A9 /* PBXContainerItemProxy */ = {
			isa = PBXContainerItemProxy;
			containerPortal = DB5BCDE81B61FE8A009E42A9 /* Project object */;
			proxyType = 1;
			remoteGlobalIDString = DB5BCE0F1B61FE94009E42A9;
			remoteInfo = MobileLustre;
		};
		DB5BCE7B1B6207A7009E42A9 /* PBXContainerItemProxy */ = {
			isa = PBXContainerItemProxy;
			containerPortal = DB5BCDE81B61FE8A009E42A9 /* Project object */;
			proxyType = 1;
			remoteGlobalIDString = DB5BCDF01B61FE8A009E42A9;
			remoteInfo = Lustre;
		};
/* End PBXContainerItemProxy section */

/* Begin PBXFileReference section */
		DB5BCDF11B61FE8A009E42A9 /* Lustre.framework */ = {isa = PBXFileReference; explicitFileType = wrapper.framework; includeInIndex = 0; path = Lustre.framework; sourceTree = BUILT_PRODUCTS_DIR; };
		DB5BCDF41B61FE8A009E42A9 /* Lustre.h */ = {isa = PBXFileReference; lastKnownFileType = sourcecode.c.h; path = Lustre.h; sourceTree = "<group>"; };
		DB5BCDF61B61FE8A009E42A9 /* Info.plist */ = {isa = PBXFileReference; lastKnownFileType = text.plist.xml; path = Info.plist; sourceTree = "<group>"; };
		DB5BCE021B61FE8A009E42A9 /* Info.plist */ = {isa = PBXFileReference; lastKnownFileType = text.plist.xml; path = Info.plist; sourceTree = "<group>"; };
		DB5BCE101B61FE94009E42A9 /* Lustre.framework */ = {isa = PBXFileReference; explicitFileType = wrapper.framework; includeInIndex = 0; path = Lustre.framework; sourceTree = BUILT_PRODUCTS_DIR; };
		DB5BCE191B61FE95009E42A9 /* MobileLustreTests.xctest */ = {isa = PBXFileReference; explicitFileType = wrapper.cfbundle; includeInIndex = 0; path = MobileLustreTests.xctest; sourceTree = BUILT_PRODUCTS_DIR; };
		DB5BCE2C1B61FE9B009E42A9 /* Lustre.framework */ = {isa = PBXFileReference; explicitFileType = wrapper.framework; includeInIndex = 0; path = Lustre.framework; sourceTree = BUILT_PRODUCTS_DIR; };
		DB5BCE381B62001E009E42A9 /* Base.xcconfig */ = {isa = PBXFileReference; lastKnownFileType = text.xcconfig; path = Base.xcconfig; sourceTree = "<group>"; };
		DB5BCE391B62001E009E42A9 /* Debug.xcconfig */ = {isa = PBXFileReference; lastKnownFileType = text.xcconfig; path = Debug.xcconfig; sourceTree = "<group>"; };
		DB5BCE3A1B62001E009E42A9 /* Release.xcconfig */ = {isa = PBXFileReference; lastKnownFileType = text.xcconfig; path = Release.xcconfig; sourceTree = "<group>"; };
		DB5BCE3B1B62005E009E42A9 /* Lustre.xcconfig */ = {isa = PBXFileReference; lastKnownFileType = text.xcconfig; path = Lustre.xcconfig; sourceTree = "<group>"; };
		DB5BCE3C1B62005E009E42A9 /* Tests.xcconfig */ = {isa = PBXFileReference; lastKnownFileType = text.xcconfig; path = Tests.xcconfig; sourceTree = "<group>"; };
		DB5BCE401B620654009E42A9 /* Optional.swift */ = {isa = PBXFileReference; fileEncoding = 4; lastKnownFileType = sourcecode.swift; path = Optional.swift; sourceTree = "<group>"; };
		DB5BCE411B620654009E42A9 /* Result.swift */ = {isa = PBXFileReference; fileEncoding = 4; lastKnownFileType = sourcecode.swift; path = Result.swift; sourceTree = "<group>"; };
		DB5BCE591B62066A009E42A9 /* CustomResultTests.swift */ = {isa = PBXFileReference; fileEncoding = 4; lastKnownFileType = sourcecode.swift; path = CustomResultTests.swift; sourceTree = "<group>"; };
		DB5BCE5A1B62066A009E42A9 /* Fixtures.swift */ = {isa = PBXFileReference; fileEncoding = 4; lastKnownFileType = sourcecode.swift; path = Fixtures.swift; sourceTree = "<group>"; };
		DB5BCE5B1B62066A009E42A9 /* MapAllTests.swift */ = {isa = PBXFileReference; fileEncoding = 4; lastKnownFileType = sourcecode.swift; path = MapAllTests.swift; sourceTree = "<group>"; };
		DB5BCE5D1B62066A009E42A9 /* OptionalTests.swift */ = {isa = PBXFileReference; fileEncoding = 4; lastKnownFileType = sourcecode.swift; path = OptionalTests.swift; sourceTree = "<group>"; };
		DB5BCE5E1B62066A009E42A9 /* ResultCollectionTests.swift */ = {isa = PBXFileReference; fileEncoding = 4; lastKnownFileType = sourcecode.swift; path = ResultCollectionTests.swift; sourceTree = "<group>"; };
		DB5BCE5F1B62066A009E42A9 /* ResultTests.swift */ = {isa = PBXFileReference; fileEncoding = 4; lastKnownFileType = sourcecode.swift; path = ResultTests.swift; sourceTree = "<group>"; };
		DB5BCE601B62066A009E42A9 /* VoidResultTests.swift */ = {isa = PBXFileReference; fileEncoding = 4; lastKnownFileType = sourcecode.swift; path = VoidResultTests.swift; sourceTree = "<group>"; };
		DB5BCE751B6207A7009E42A9 /* LustreTests.xctest */ = {isa = PBXFileReference; explicitFileType = wrapper.cfbundle; includeInIndex = 0; path = LustreTests.xctest; sourceTree = BUILT_PRODUCTS_DIR; };
		DB5BCE971B6209B0009E42A9 /* EitherType.swift */ = {isa = PBXFileReference; fileEncoding = 4; lastKnownFileType = sourcecode.swift; path = EitherType.swift; sourceTree = "<group>"; };
		DB5BCE9F1B620D96009E42A9 /* Either.swift */ = {isa = PBXFileReference; fileEncoding = 4; lastKnownFileType = sourcecode.swift; path = Either.swift; sourceTree = "<group>"; };
		DB9D4A3B1B634C8C00E19E71 /* ResultFlatMap.swift */ = {isa = PBXFileReference; fileEncoding = 4; lastKnownFileType = sourcecode.swift; path = ResultFlatMap.swift; sourceTree = "<group>"; };
		DB9D4A3C1B634C8C00E19E71 /* ResultMap.swift */ = {isa = PBXFileReference; fileEncoding = 4; lastKnownFileType = sourcecode.swift; path = ResultMap.swift; sourceTree = "<group>"; };
		DB9D4A471B63FF8800E19E71 /* SequenceType+Result.swift */ = {isa = PBXFileReference; fileEncoding = 4; lastKnownFileType = sourcecode.swift; path = "SequenceType+Result.swift"; sourceTree = "<group>"; };
		DBF733041B644DCD002E8472 /* EitherType+Result.swift */ = {isa = PBXFileReference; fileEncoding = 4; lastKnownFileType = sourcecode.swift; path = "EitherType+Result.swift"; sourceTree = "<group>"; };
		DBFB4ED21B649F6A00488C25 /* EitherTests.swift */ = {isa = PBXFileReference; fileEncoding = 4; lastKnownFileType = sourcecode.swift; path = EitherTests.swift; sourceTree = "<group>"; };
/* End PBXFileReference section */

/* Begin PBXFrameworksBuildPhase section */
		DB5BCDED1B61FE8A009E42A9 /* Frameworks */ = {
			isa = PBXFrameworksBuildPhase;
			buildActionMask = 2147483647;
			files = (
			);
			runOnlyForDeploymentPostprocessing = 0;
		};
		DB5BCE0C1B61FE94009E42A9 /* Frameworks */ = {
			isa = PBXFrameworksBuildPhase;
			buildActionMask = 2147483647;
			files = (
			);
			runOnlyForDeploymentPostprocessing = 0;
		};
		DB5BCE161B61FE95009E42A9 /* Frameworks */ = {
			isa = PBXFrameworksBuildPhase;
			buildActionMask = 2147483647;
			files = (
				DB5BCE1A1B61FE95009E42A9 /* Lustre.framework in Frameworks */,
			);
			runOnlyForDeploymentPostprocessing = 0;
		};
		DB5BCE281B61FE9B009E42A9 /* Frameworks */ = {
			isa = PBXFrameworksBuildPhase;
			buildActionMask = 2147483647;
			files = (
			);
			runOnlyForDeploymentPostprocessing = 0;
		};
		DB5BCE721B6207A7009E42A9 /* Frameworks */ = {
			isa = PBXFrameworksBuildPhase;
			buildActionMask = 2147483647;
			files = (
				DB5BCE7A1B6207A7009E42A9 /* Lustre.framework in Frameworks */,
			);
			runOnlyForDeploymentPostprocessing = 0;
		};
/* End PBXFrameworksBuildPhase section */

/* Begin PBXGroup section */
		DB5BCDE71B61FE8A009E42A9 = {
			isa = PBXGroup;
			children = (
				DB5BCE371B62001E009E42A9 /* Configurations */,
				DB5BCDF31B61FE8A009E42A9 /* Lustre */,
				DB5BCDFF1B61FE8A009E42A9 /* LustreTests */,
				DB5BCDF21B61FE8A009E42A9 /* Products */,
			);
			sourceTree = "<group>";
		};
		DB5BCDF21B61FE8A009E42A9 /* Products */ = {
			isa = PBXGroup;
			children = (
				DB5BCDF11B61FE8A009E42A9 /* Lustre.framework */,
				DB5BCE101B61FE94009E42A9 /* Lustre.framework */,
				DB5BCE191B61FE95009E42A9 /* MobileLustreTests.xctest */,
				DB5BCE2C1B61FE9B009E42A9 /* Lustre.framework */,
				DB5BCE751B6207A7009E42A9 /* LustreTests.xctest */,
			);
			name = Products;
			sourceTree = "<group>";
		};
		DB5BCDF31B61FE8A009E42A9 /* Lustre */ = {
			isa = PBXGroup;
			children = (
				DB5BCDF41B61FE8A009E42A9 /* Lustre.h */,
				DB5BCE9F1B620D96009E42A9 /* Either.swift */,
				DB5BCE971B6209B0009E42A9 /* EitherType.swift */,
				DBF733041B644DCD002E8472 /* EitherType+Result.swift */,
				DB5BCE401B620654009E42A9 /* Optional.swift */,
				DB5BCE411B620654009E42A9 /* Result.swift */,
				DB9D4A3B1B634C8C00E19E71 /* ResultFlatMap.swift */,
				DB9D4A3C1B634C8C00E19E71 /* ResultMap.swift */,
				DB9D4A471B63FF8800E19E71 /* SequenceType+Result.swift */,
				DB5BCDF61B61FE8A009E42A9 /* Info.plist */,
			);
			path = Lustre;
			sourceTree = "<group>";
		};
		DB5BCDFF1B61FE8A009E42A9 /* LustreTests */ = {
			isa = PBXGroup;
			children = (
				DB5BCE591B62066A009E42A9 /* CustomResultTests.swift */,
				DBFB4ED21B649F6A00488C25 /* EitherTests.swift */,
				DB5BCE5A1B62066A009E42A9 /* Fixtures.swift */,
				DB5BCE5B1B62066A009E42A9 /* MapAllTests.swift */,
				DB5BCE5D1B62066A009E42A9 /* OptionalTests.swift */,
				DB5BCE5E1B62066A009E42A9 /* ResultCollectionTests.swift */,
				DB5BCE5F1B62066A009E42A9 /* ResultTests.swift */,
				DB5BCE601B62066A009E42A9 /* VoidResultTests.swift */,
				DB5BCE021B61FE8A009E42A9 /* Info.plist */,
			);
			path = LustreTests;
			sourceTree = "<group>";
		};
		DB5BCE371B62001E009E42A9 /* Configurations */ = {
			isa = PBXGroup;
			children = (
				DB5BCE381B62001E009E42A9 /* Base.xcconfig */,
				DB5BCE391B62001E009E42A9 /* Debug.xcconfig */,
				DB5BCE3A1B62001E009E42A9 /* Release.xcconfig */,
				DB5BCE3B1B62005E009E42A9 /* Lustre.xcconfig */,
				DB5BCE3C1B62005E009E42A9 /* Tests.xcconfig */,
			);
			path = Configurations;
			sourceTree = "<group>";
		};
/* End PBXGroup section */

/* Begin PBXHeadersBuildPhase section */
		DB5BCDEE1B61FE8A009E42A9 /* Headers */ = {
			isa = PBXHeadersBuildPhase;
			buildActionMask = 2147483647;
			files = (
				DB5BCDF51B61FE8A009E42A9 /* Lustre.h in Headers */,
			);
			runOnlyForDeploymentPostprocessing = 0;
		};
		DB5BCE0D1B61FE94009E42A9 /* Headers */ = {
			isa = PBXHeadersBuildPhase;
			buildActionMask = 2147483647;
			files = (
				DB5BCE341B61FEE3009E42A9 /* Lustre.h in Headers */,
			);
			runOnlyForDeploymentPostprocessing = 0;
		};
		DB5BCE291B61FE9B009E42A9 /* Headers */ = {
			isa = PBXHeadersBuildPhase;
			buildActionMask = 2147483647;
			files = (
				DB5BCE351B61FEE3009E42A9 /* Lustre.h in Headers */,
			);
			runOnlyForDeploymentPostprocessing = 0;
		};
/* End PBXHeadersBuildPhase section */

/* Begin PBXNativeTarget section */
		DB5BCDF01B61FE8A009E42A9 /* Lustre */ = {
			isa = PBXNativeTarget;
			buildConfigurationList = DB5BCE051B61FE8A009E42A9 /* Build configuration list for PBXNativeTarget "Lustre" */;
			buildPhases = (
				DB5BCDEC1B61FE8A009E42A9 /* Sources */,
				DB5BCDED1B61FE8A009E42A9 /* Frameworks */,
				DB5BCDEE1B61FE8A009E42A9 /* Headers */,
				DB5BCDEF1B61FE8A009E42A9 /* Resources */,
			);
			buildRules = (
			);
			dependencies = (
			);
			name = Lustre;
			productName = Lustre;
			productReference = DB5BCDF11B61FE8A009E42A9 /* Lustre.framework */;
			productType = "com.apple.product-type.framework";
		};
		DB5BCE0F1B61FE94009E42A9 /* MobileLustre */ = {
			isa = PBXNativeTarget;
			buildConfigurationList = DB5BCE211B61FE95009E42A9 /* Build configuration list for PBXNativeTarget "MobileLustre" */;
			buildPhases = (
				DB5BCE0B1B61FE94009E42A9 /* Sources */,
				DB5BCE0C1B61FE94009E42A9 /* Frameworks */,
				DB5BCE0D1B61FE94009E42A9 /* Headers */,
				DB5BCE0E1B61FE94009E42A9 /* Resources */,
			);
			buildRules = (
			);
			dependencies = (
			);
			name = MobileLustre;
			productName = MobileLustre;
			productReference = DB5BCE101B61FE94009E42A9 /* Lustre.framework */;
			productType = "com.apple.product-type.framework";
		};
		DB5BCE181B61FE95009E42A9 /* MobileLustreTests */ = {
			isa = PBXNativeTarget;
			buildConfigurationList = DB5BCE241B61FE95009E42A9 /* Build configuration list for PBXNativeTarget "MobileLustreTests" */;
			buildPhases = (
				DB5BCE151B61FE95009E42A9 /* Sources */,
				DB5BCE161B61FE95009E42A9 /* Frameworks */,
				DB5BCE171B61FE95009E42A9 /* Resources */,
			);
			buildRules = (
			);
			dependencies = (
				DB5BCE1C1B61FE95009E42A9 /* PBXTargetDependency */,
			);
			name = MobileLustreTests;
			productName = MobileLustreTests;
			productReference = DB5BCE191B61FE95009E42A9 /* MobileLustreTests.xctest */;
			productType = "com.apple.product-type.bundle.unit-test";
		};
		DB5BCE2B1B61FE9B009E42A9 /* NanoLustre */ = {
			isa = PBXNativeTarget;
			buildConfigurationList = DB5BCE311B61FE9B009E42A9 /* Build configuration list for PBXNativeTarget "NanoLustre" */;
			buildPhases = (
				DB5BCE271B61FE9B009E42A9 /* Sources */,
				DB5BCE281B61FE9B009E42A9 /* Frameworks */,
				DB5BCE291B61FE9B009E42A9 /* Headers */,
				DB5BCE2A1B61FE9B009E42A9 /* Resources */,
			);
			buildRules = (
			);
			dependencies = (
			);
			name = NanoLustre;
			productName = NanoLustre;
			productReference = DB5BCE2C1B61FE9B009E42A9 /* Lustre.framework */;
			productType = "com.apple.product-type.framework";
		};
		DB5BCE741B6207A7009E42A9 /* LustreTests */ = {
			isa = PBXNativeTarget;
			buildConfigurationList = DB5BCE7D1B6207A7009E42A9 /* Build configuration list for PBXNativeTarget "LustreTests" */;
			buildPhases = (
				DB5BCE711B6207A7009E42A9 /* Sources */,
				DB5BCE721B6207A7009E42A9 /* Frameworks */,
				DB5BCE731B6207A7009E42A9 /* Resources */,
			);
			buildRules = (
			);
			dependencies = (
				DB5BCE7C1B6207A7009E42A9 /* PBXTargetDependency */,
			);
			name = LustreTests;
			productName = LustreTestsNew;
			productReference = DB5BCE751B6207A7009E42A9 /* LustreTests.xctest */;
			productType = "com.apple.product-type.bundle.unit-test";
		};
/* End PBXNativeTarget section */

/* Begin PBXProject section */
		DB5BCDE81B61FE8A009E42A9 /* Project object */ = {
			isa = PBXProject;
			attributes = {
				LastSwiftUpdateCheck = 0700;
				LastUpgradeCheck = 0700;
				ORGANIZATIONNAME = "Zachary Waldowski";
				TargetAttributes = {
					DB5BCDF01B61FE8A009E42A9 = {
						CreatedOnToolsVersion = 7.0;
					};
					DB5BCE0F1B61FE94009E42A9 = {
						CreatedOnToolsVersion = 7.0;
					};
					DB5BCE181B61FE95009E42A9 = {
						CreatedOnToolsVersion = 7.0;
					};
					DB5BCE2B1B61FE9B009E42A9 = {
						CreatedOnToolsVersion = 7.0;
					};
					DB5BCE741B6207A7009E42A9 = {
						CreatedOnToolsVersion = 7.0;
					};
				};
			};
			buildConfigurationList = DB5BCDEB1B61FE8A009E42A9 /* Build configuration list for PBXProject "Lustre" */;
			compatibilityVersion = "Xcode 3.2";
			developmentRegion = English;
			hasScannedForEncodings = 0;
			knownRegions = (
				en,
			);
			mainGroup = DB5BCDE71B61FE8A009E42A9;
			productRefGroup = DB5BCDF21B61FE8A009E42A9 /* Products */;
			projectDirPath = "";
			projectRoot = "";
			targets = (
				DB5BCDF01B61FE8A009E42A9 /* Lustre */,
				DB5BCE741B6207A7009E42A9 /* LustreTests */,
				DB5BCE0F1B61FE94009E42A9 /* MobileLustre */,
				DB5BCE181B61FE95009E42A9 /* MobileLustreTests */,
				DB5BCE2B1B61FE9B009E42A9 /* NanoLustre */,
			);
		};
/* End PBXProject section */

/* Begin PBXResourcesBuildPhase section */
		DB5BCDEF1B61FE8A009E42A9 /* Resources */ = {
			isa = PBXResourcesBuildPhase;
			buildActionMask = 2147483647;
			files = (
			);
			runOnlyForDeploymentPostprocessing = 0;
		};
		DB5BCE0E1B61FE94009E42A9 /* Resources */ = {
			isa = PBXResourcesBuildPhase;
			buildActionMask = 2147483647;
			files = (
			);
			runOnlyForDeploymentPostprocessing = 0;
		};
		DB5BCE171B61FE95009E42A9 /* Resources */ = {
			isa = PBXResourcesBuildPhase;
			buildActionMask = 2147483647;
			files = (
			);
			runOnlyForDeploymentPostprocessing = 0;
		};
		DB5BCE2A1B61FE9B009E42A9 /* Resources */ = {
			isa = PBXResourcesBuildPhase;
			buildActionMask = 2147483647;
			files = (
			);
			runOnlyForDeploymentPostprocessing = 0;
		};
		DB5BCE731B6207A7009E42A9 /* Resources */ = {
			isa = PBXResourcesBuildPhase;
			buildActionMask = 2147483647;
			files = (
			);
			runOnlyForDeploymentPostprocessing = 0;
		};
/* End PBXResourcesBuildPhase section */

/* Begin PBXSourcesBuildPhase section */
		DB5BCDEC1B61FE8A009E42A9 /* Sources */ = {
			isa = PBXSourcesBuildPhase;
			buildActionMask = 2147483647;
			files = (
				DB9D4A3D1B634C8C00E19E71 /* ResultFlatMap.swift in Sources */,
				DB5BCE501B620654009E42A9 /* Result.swift in Sources */,
				DB5BCEA01B620D96009E42A9 /* Either.swift in Sources */,
				DB9D4A401B634C8C00E19E71 /* ResultMap.swift in Sources */,
				DBF733051B644DCD002E8472 /* EitherType+Result.swift in Sources */,
				DB9D4A481B63FF8800E19E71 /* SequenceType+Result.swift in Sources */,
				DB5BCE981B6209B0009E42A9 /* EitherType.swift in Sources */,
				DB5BCE4D1B620654009E42A9 /* Optional.swift in Sources */,
			);
			runOnlyForDeploymentPostprocessing = 0;
		};
		DB5BCE0B1B61FE94009E42A9 /* Sources */ = {
			isa = PBXSourcesBuildPhase;
			buildActionMask = 2147483647;
			files = (
				DB9D4A3E1B634C8C00E19E71 /* ResultFlatMap.swift in Sources */,
				DB5BCE511B620654009E42A9 /* Result.swift in Sources */,
				DB5BCEA11B620D96009E42A9 /* Either.swift in Sources */,
				DB9D4A411B634C8C00E19E71 /* ResultMap.swift in Sources */,
				DBF733061B644DCD002E8472 /* EitherType+Result.swift in Sources */,
				DB9D4A491B63FF8800E19E71 /* SequenceType+Result.swift in Sources */,
				DB5BCE991B6209B0009E42A9 /* EitherType.swift in Sources */,
				DB5BCE4E1B620654009E42A9 /* Optional.swift in Sources */,
			);
			runOnlyForDeploymentPostprocessing = 0;
		};
		DB5BCE151B61FE95009E42A9 /* Sources */ = {
			isa = PBXSourcesBuildPhase;
			buildActionMask = 2147483647;
			files = (
				DBFB4ED41B649F6A00488C25 /* EitherTests.swift in Sources */,
				DBF733121B6464C2002E8472 /* MapAllTests.swift in Sources */,
				DBF7330F1B64634B002E8472 /* VoidResultTests.swift in Sources */,
				DBF733161B648657002E8472 /* ResultCollectionTests.swift in Sources */,
				DBF733141B64832C002E8472 /* ResultTests.swift in Sources */,
				DB5BCE641B62066A009E42A9 /* Fixtures.swift in Sources */,
				DB3C75571B648A91008E4821 /* OptionalTests.swift in Sources */,
				DB3C75591B6497E0008E4821 /* CustomResultTests.swift in Sources */,
			);
			runOnlyForDeploymentPostprocessing = 0;
		};
		DB5BCE271B61FE9B009E42A9 /* Sources */ = {
			isa = PBXSourcesBuildPhase;
			buildActionMask = 2147483647;
			files = (
				DB9D4A3F1B634C8C00E19E71 /* ResultFlatMap.swift in Sources */,
				DB5BCE521B620654009E42A9 /* Result.swift in Sources */,
				DB5BCEA21B620D96009E42A9 /* Either.swift in Sources */,
				DB9D4A421B634C8C00E19E71 /* ResultMap.swift in Sources */,
				DBF733071B644DCD002E8472 /* EitherType+Result.swift in Sources */,
				DB9D4A4A1B63FF8800E19E71 /* SequenceType+Result.swift in Sources */,
				DB5BCE9A1B6209B0009E42A9 /* EitherType.swift in Sources */,
				DB5BCE4F1B620654009E42A9 /* Optional.swift in Sources */,
			);
			runOnlyForDeploymentPostprocessing = 0;
		};
		DB5BCE711B6207A7009E42A9 /* Sources */ = {
			isa = PBXSourcesBuildPhase;
			buildActionMask = 2147483647;
			files = (
				DBFB4ED31B649F6A00488C25 /* EitherTests.swift in Sources */,
				DBF733111B6464C1002E8472 /* MapAllTests.swift in Sources */,
				DBF733101B64634C002E8472 /* VoidResultTests.swift in Sources */,
				DBF733151B648656002E8472 /* ResultCollectionTests.swift in Sources */,
				DBF733131B64832C002E8472 /* ResultTests.swift in Sources */,
				DB5BCE811B6207B4009E42A9 /* Fixtures.swift in Sources */,
				DB3C75561B648A90008E4821 /* OptionalTests.swift in Sources */,
				DB3C75581B6497DF008E4821 /* CustomResultTests.swift in Sources */,
			);
			runOnlyForDeploymentPostprocessing = 0;
		};
/* End PBXSourcesBuildPhase section */

/* Begin PBXTargetDependency section */
		DB5BCE1C1B61FE95009E42A9 /* PBXTargetDependency */ = {
			isa = PBXTargetDependency;
			target = DB5BCE0F1B61FE94009E42A9 /* MobileLustre */;
			targetProxy = DB5BCE1B1B61FE95009E42A9 /* PBXContainerItemProxy */;
		};
		DB5BCE7C1B6207A7009E42A9 /* PBXTargetDependency */ = {
			isa = PBXTargetDependency;
			target = DB5BCDF01B61FE8A009E42A9 /* Lustre */;
			targetProxy = DB5BCE7B1B6207A7009E42A9 /* PBXContainerItemProxy */;
		};
/* End PBXTargetDependency section */

/* Begin XCBuildConfiguration section */
		DB5BCE031B61FE8A009E42A9 /* Debug */ = {
			isa = XCBuildConfiguration;
			baseConfigurationReference = DB5BCE391B62001E009E42A9 /* Debug.xcconfig */;
			buildSettings = {
				SDKROOT = macosx;
			};
			name = Debug;
		};
		DB5BCE041B61FE8A009E42A9 /* Release */ = {
			isa = XCBuildConfiguration;
			baseConfigurationReference = DB5BCE3A1B62001E009E42A9 /* Release.xcconfig */;
			buildSettings = {
				SDKROOT = macosx;
			};
			name = Release;
		};
		DB5BCE061B61FE8A009E42A9 /* Debug */ = {
			isa = XCBuildConfiguration;
			baseConfigurationReference = DB5BCE3B1B62005E009E42A9 /* Lustre.xcconfig */;
			buildSettings = {
				CLANG_ENABLE_MODULES = YES;
				COMBINE_HIDPI_IMAGES = YES;
				DEFINES_MODULE = YES;
				LD_RUNPATH_SEARCH_PATHS = "$(inherited) @executable_path/../Frameworks @loader_path/Frameworks";
				SDKROOT = macosx;
				SWIFT_OPTIMIZATION_LEVEL = "-Onone";
			};
			name = Debug;
		};
		DB5BCE071B61FE8A009E42A9 /* Release */ = {
			isa = XCBuildConfiguration;
			baseConfigurationReference = DB5BCE3B1B62005E009E42A9 /* Lustre.xcconfig */;
			buildSettings = {
				CLANG_ENABLE_MODULES = YES;
				COMBINE_HIDPI_IMAGES = YES;
				DEFINES_MODULE = YES;
				LD_RUNPATH_SEARCH_PATHS = "$(inherited) @executable_path/../Frameworks @loader_path/Frameworks";
				SDKROOT = macosx;
			};
			name = Release;
		};
		DB5BCE221B61FE95009E42A9 /* Debug */ = {
			isa = XCBuildConfiguration;
			baseConfigurationReference = DB5BCE3B1B62005E009E42A9 /* Lustre.xcconfig */;
			buildSettings = {
				CLANG_ENABLE_MODULES = YES;
				DEFINES_MODULE = YES;
				ENABLE_BITCODE = YES;
				LD_RUNPATH_SEARCH_PATHS = "$(inherited) @executable_path/Frameworks @loader_path/Frameworks";
				SDKROOT = iphoneos;
				SWIFT_OPTIMIZATION_LEVEL = "-Onone";
				TARGETED_DEVICE_FAMILY = "1,2";
			};
			name = Debug;
		};
		DB5BCE231B61FE95009E42A9 /* Release */ = {
			isa = XCBuildConfiguration;
			baseConfigurationReference = DB5BCE3B1B62005E009E42A9 /* Lustre.xcconfig */;
			buildSettings = {
				CLANG_ENABLE_MODULES = YES;
				DEFINES_MODULE = YES;
				ENABLE_BITCODE = YES;
				LD_RUNPATH_SEARCH_PATHS = "$(inherited) @executable_path/Frameworks @loader_path/Frameworks";
				SDKROOT = iphoneos;
				TARGETED_DEVICE_FAMILY = "1,2";
			};
			name = Release;
		};
		DB5BCE251B61FE95009E42A9 /* Debug */ = {
			isa = XCBuildConfiguration;
			baseConfigurationReference = DB5BCE3C1B62005E009E42A9 /* Tests.xcconfig */;
			buildSettings = {
				"CODE_SIGN_IDENTITY[sdk=iphoneos*]" = "iPhone Developer";
				SDKROOT = iphoneos;
			};
			name = Debug;
		};
		DB5BCE261B61FE95009E42A9 /* Release */ = {
			isa = XCBuildConfiguration;
			baseConfigurationReference = DB5BCE3C1B62005E009E42A9 /* Tests.xcconfig */;
			buildSettings = {
				"CODE_SIGN_IDENTITY[sdk=iphoneos*]" = "iPhone Developer";
				SDKROOT = iphoneos;
				VALIDATE_PRODUCT = YES;
			};
			name = Release;
		};
		DB5BCE321B61FE9B009E42A9 /* Debug */ = {
			isa = XCBuildConfiguration;
			baseConfigurationReference = DB5BCE3B1B62005E009E42A9 /* Lustre.xcconfig */;
			buildSettings = {
				CLANG_ENABLE_MODULES = YES;
				DEFINES_MODULE = YES;
				ENABLE_BITCODE = YES;
				LD_RUNPATH_SEARCH_PATHS = "$(inherited) @executable_path/../Frameworks @loader_path/Frameworks";
				SDKROOT = watchos;
				SWIFT_OPTIMIZATION_LEVEL = "-Onone";
			};
			name = Debug;
		};
		DB5BCE331B61FE9B009E42A9 /* Release */ = {
			isa = XCBuildConfiguration;
			baseConfigurationReference = DB5BCE3B1B62005E009E42A9 /* Lustre.xcconfig */;
			buildSettings = {
				CLANG_ENABLE_MODULES = YES;
				DEFINES_MODULE = YES;
				ENABLE_BITCODE = YES;
				LD_RUNPATH_SEARCH_PATHS = "$(inherited) @executable_path/../Frameworks @loader_path/Frameworks";
				SDKROOT = watchos;
			};
			name = Release;
		};
		DB5BCE7E1B6207A7009E42A9 /* Debug */ = {
			isa = XCBuildConfiguration;
			baseConfigurationReference = DB5BCE3C1B62005E009E42A9 /* Tests.xcconfig */;
			buildSettings = {
				GCC_C_LANGUAGE_STANDARD = gnu99;
			};
			name = Debug;
		};
		DB5BCE7F1B6207A7009E42A9 /* Release */ = {
			isa = XCBuildConfiguration;
			baseConfigurationReference = DB5BCE3C1B62005E009E42A9 /* Tests.xcconfig */;
			buildSettings = {
				GCC_C_LANGUAGE_STANDARD = gnu99;
			};
			name = Release;
		};
/* End XCBuildConfiguration section */

/* Begin XCConfigurationList section */
		DB5BCDEB1B61FE8A009E42A9 /* Build configuration list for PBXProject "Lustre" */ = {
			isa = XCConfigurationList;
			buildConfigurations = (
				DB5BCE031B61FE8A009E42A9 /* Debug */,
				DB5BCE041B61FE8A009E42A9 /* Release */,
			);
			defaultConfigurationIsVisible = 0;
			defaultConfigurationName = Release;
		};
		DB5BCE051B61FE8A009E42A9 /* Build configuration list for PBXNativeTarget "Lustre" */ = {
			isa = XCConfigurationList;
			buildConfigurations = (
				DB5BCE061B61FE8A009E42A9 /* Debug */,
				DB5BCE071B61FE8A009E42A9 /* Release */,
			);
			defaultConfigurationIsVisible = 0;
			defaultConfigurationName = Release;
		};
		DB5BCE211B61FE95009E42A9 /* Build configuration list for PBXNativeTarget "MobileLustre" */ = {
			isa = XCConfigurationList;
			buildConfigurations = (
				DB5BCE221B61FE95009E42A9 /* Debug */,
				DB5BCE231B61FE95009E42A9 /* Release */,
			);
			defaultConfigurationIsVisible = 0;
			defaultConfigurationName = Release;
		};
		DB5BCE241B61FE95009E42A9 /* Build configuration list for PBXNativeTarget "MobileLustreTests" */ = {
			isa = XCConfigurationList;
			buildConfigurations = (
				DB5BCE251B61FE95009E42A9 /* Debug */,
				DB5BCE261B61FE95009E42A9 /* Release */,
			);
			defaultConfigurationIsVisible = 0;
			defaultConfigurationName = Release;
		};
		DB5BCE311B61FE9B009E42A9 /* Build configuration list for PBXNativeTarget "NanoLustre" */ = {
			isa = XCConfigurationList;
			buildConfigurations = (
				DB5BCE321B61FE9B009E42A9 /* Debug */,
				DB5BCE331B61FE9B009E42A9 /* Release */,
			);
			defaultConfigurationIsVisible = 0;
			defaultConfigurationName = Release;
		};
		DB5BCE7D1B6207A7009E42A9 /* Build configuration list for PBXNativeTarget "LustreTests" */ = {
			isa = XCConfigurationList;
			buildConfigurations = (
				DB5BCE7E1B6207A7009E42A9 /* Debug */,
				DB5BCE7F1B6207A7009E42A9 /* Release */,
			);
			defaultConfigurationIsVisible = 0;
			defaultConfigurationName = Release;
		};
/* End XCConfigurationList section */
	};
	rootObject = DB5BCDE81B61FE8A009E42A9 /* Project object */;
}
